<?xml version="1.0" encoding="utf-8"?>
<Project ToolsVersion="4.0" xmlns="http://schemas.microsoft.com/developer/msbuild/2003">
  <ItemGroup>
    <Filter Include="Platform">
      <UniqueIdentifier>{2AC788B4-1694-E3BF-3FAD-D1672BD9184E}</UniqueIdentifier>
    </Filter>
    <Filter Include="Platform\Windows">
      <UniqueIdentifier>{64FBD71A-50F4-F66C-7926-DCF1657ED678}</UniqueIdentifier>
    </Filter>
    <Filter Include="SkyEngine">
      <UniqueIdentifier>{52A23481-BE0C-E9F7-074B-9A9D73F4C64C}</UniqueIdentifier>
    </Filter>
    <Filter Include="SkyEngine\Events">
      <UniqueIdentifier>{F63DF6BF-E236-1512-0B69-FA96F7C0F41D}</UniqueIdentifier>
    </Filter>
  </ItemGroup>
  <ItemGroup>
    <ClInclude Include="src\Platform\Windows\WindowsWindow.h">
      <Filter>Platform\Windows</Filter>
    </ClInclude>
    <ClInclude Include="src\SkyEngine.h" />
    <ClInclude Include="src\SkyEngine\Application.h">
      <Filter>SkyEngine</Filter>
    </ClInclude>
    <ClInclude Include="src\SkyEngine\Core.h">
      <Filter>SkyEngine</Filter>
    </ClInclude>
    <ClInclude Include="src\SkyEngine\EntryPoint.h">
      <Filter>SkyEngine</Filter>
    </ClInclude>
    <ClInclude Include="src\SkyEngine\Events\ApplicationEvent.h">
      <Filter>SkyEngine\Events</Filter>
    </ClInclude>
    <ClInclude Include="src\SkyEngine\Events\Event.h">
      <Filter>SkyEngine\Events</Filter>
    </ClInclude>
    <ClInclude Include="src\SkyEngine\Events\KeyEvent.h">
      <Filter>SkyEngine\Events</Filter>
    </ClInclude>
    <ClInclude Include="src\SkyEngine\Events\MouseEvent.h">
      <Filter>SkyEngine\Events</Filter>
    </ClInclude>
    <ClInclude Include="src\SkyEngine\Log.h">
      <Filter>SkyEngine</Filter>
    </ClInclude>
    <ClInclude Include="src\SkyEngine\Window.h">
      <Filter>SkyEngine</Filter>
    </ClInclude>
    <ClInclude Include="src\sepch.h" />
  </ItemGroup>
  <ItemGroup>
    <ClCompile Include="src\Platform\Windows\WindowsWindow.cpp">
      <Filter>Platform\Windows</Filter>
    </ClCompile>
    <ClCompile Include="src\SkyEngine\Application.cpp">
      <Filter>SkyEngine</Filter>
    </ClCompile>
    <ClCompile Include="src\SkyEngine\Events\KeyEvent.cpp">
      <Filter>SkyEngine\Events</Filter>
    </ClCompile>
    <ClCompile Include="src\SkyEngine\Log.cpp">
      <Filter>SkyEngine</Filter>
    </ClCompile>
    <ClCompile Include="src\sepch.cpp" />
  </ItemGroup>
</Project>